// !$*UTF8*$!
{
	archiveVersion = 1;
	classes = {
	};
	objectVersion = 56;
	objects = {

/* Begin PBXBuildFile section */
		5282E4062C2E7717004E42DB /* TCACounterApp.swift in Sources */ = {isa = PBXBuildFile; fileRef = 5282E4052C2E7717004E42DB /* TCACounterApp.swift */; };
		5282E4082C2E7717004E42DB /* RootView.swift in Sources */ = {isa = PBXBuildFile; fileRef = 5282E4072C2E7717004E42DB /* RootView.swift */; };
		5282E40A2C2E7718004E42DB /* Assets.xcassets in Resources */ = {isa = PBXBuildFile; fileRef = 5282E4092C2E7718004E42DB /* Assets.xcassets */; };
		5282E40D2C2E7718004E42DB /* Preview Assets.xcassets in Resources */ = {isa = PBXBuildFile; fileRef = 5282E40C2C2E7718004E42DB /* Preview Assets.xcassets */; };
		5282E4172C2E7718004E42DB /* TCACounterAppTests.swift in Sources */ = {isa = PBXBuildFile; fileRef = 5282E4162C2E7718004E42DB /* TCACounterAppTests.swift */; };
		5282E4212C2E7719004E42DB /* TCACounterAppUITests.swift in Sources */ = {isa = PBXBuildFile; fileRef = 5282E4202C2E7719004E42DB /* TCACounterAppUITests.swift */; };
		5282E4232C2E7719004E42DB /* TCACounterAppUITestsLaunchTests.swift in Sources */ = {isa = PBXBuildFile; fileRef = 5282E4222C2E7719004E42DB /* TCACounterAppUITestsLaunchTests.swift */; };
		5282E4312C2E78DD004E42DB /* ComposableArchitecture in Frameworks */ = {isa = PBXBuildFile; productRef = 5282E4302C2E78DD004E42DB /* ComposableArchitecture */; };
		5282E4342C2E83D8004E42DB /* CounterViewTCA.swift in Sources */ = {isa = PBXBuildFile; fileRef = 5282E4332C2E83D8004E42DB /* CounterViewTCA.swift */; };
		5282E4362C2EAAAC004E42DB /* CounterViewNomal.swift in Sources */ = {isa = PBXBuildFile; fileRef = 5282E4352C2EAAAC004E42DB /* CounterViewNomal.swift */; };
/* End PBXBuildFile section */

/* Begin PBXContainerItemProxy section */
		5282E4132C2E7718004E42DB /* PBXContainerItemProxy */ = {
			isa = PBXContainerItemProxy;
			containerPortal = 5282E3FA2C2E7717004E42DB /* Project object */;
			proxyType = 1;
			remoteGlobalIDString = 5282E4012C2E7717004E42DB;
			remoteInfo = TCACounterApp;
		};
		5282E41D2C2E7719004E42DB /* PBXContainerItemProxy */ = {
			isa = PBXContainerItemProxy;
			containerPortal = 5282E3FA2C2E7717004E42DB /* Project object */;
			proxyType = 1;
			remoteGlobalIDString = 5282E4012C2E7717004E42DB;
			remoteInfo = TCACounterApp;
		};
/* End PBXContainerItemProxy section */

/* Begin PBXFileReference section */
		5282E4022C2E7717004E42DB /* TCACounterApp.app */ = {isa = PBXFileReference; explicitFileType = wrapper.application; includeInIndex = 0; path = TCACounterApp.app; sourceTree = BUILT_PRODUCTS_DIR; };
		5282E4052C2E7717004E42DB /* TCACounterApp.swift */ = {isa = PBXFileReference; lastKnownFileType = sourcecode.swift; path = TCACounterApp.swift; sourceTree = "<group>"; };
		5282E4072C2E7717004E42DB /* RootView.swift */ = {isa = PBXFileReference; lastKnownFileType = sourcecode.swift; path = RootView.swift; sourceTree = "<group>"; };
		5282E4092C2E7718004E42DB /* Assets.xcassets */ = {isa = PBXFileReference; lastKnownFileType = folder.assetcatalog; path = Assets.xcassets; sourceTree = "<group>"; };
		5282E40C2C2E7718004E42DB /* Preview Assets.xcassets */ = {isa = PBXFileReference; lastKnownFileType = folder.assetcatalog; path = "Preview Assets.xcassets"; sourceTree = "<group>"; };
		5282E4122C2E7718004E42DB /* TCACounterAppTests.xctest */ = {isa = PBXFileReference; explicitFileType = wrapper.cfbundle; includeInIndex = 0; path = TCACounterAppTests.xctest; sourceTree = BUILT_PRODUCTS_DIR; };
		5282E4162C2E7718004E42DB /* TCACounterAppTests.swift */ = {isa = PBXFileReference; lastKnownFileType = sourcecode.swift; path = TCACounterAppTests.swift; sourceTree = "<group>"; };
		5282E41C2C2E7719004E42DB /* TCACounterAppUITests.xctest */ = {isa = PBXFileReference; explicitFileType = wrapper.cfbundle; includeInIndex = 0; path = TCACounterAppUITests.xctest; sourceTree = BUILT_PRODUCTS_DIR; };
		5282E4202C2E7719004E42DB /* TCACounterAppUITests.swift */ = {isa = PBXFileReference; lastKnownFileType = sourcecode.swift; path = TCACounterAppUITests.swift; sourceTree = "<group>"; };
		5282E4222C2E7719004E42DB /* TCACounterAppUITestsLaunchTests.swift */ = {isa = PBXFileReference; lastKnownFileType = sourcecode.swift; path = TCACounterAppUITestsLaunchTests.swift; sourceTree = "<group>"; };
		5282E4332C2E83D8004E42DB /* CounterViewTCA.swift */ = {isa = PBXFileReference; lastKnownFileType = sourcecode.swift; path = CounterViewTCA.swift; sourceTree = "<group>"; };
		5282E4352C2EAAAC004E42DB /* CounterViewNomal.swift */ = {isa = PBXFileReference; lastKnownFileType = sourcecode.swift; path = CounterViewNomal.swift; sourceTree = "<group>"; };
/* End PBXFileReference section */

/* Begin PBXFrameworksBuildPhase section */
		5282E3FF2C2E7717004E42DB /* Frameworks */ = {
			isa = PBXFrameworksBuildPhase;
			buildActionMask = 2147483647;
			files = (
				5282E4312C2E78DD004E42DB /* ComposableArchitecture in Frameworks */,
			);
			runOnlyForDeploymentPostprocessing = 0;
		};
		5282E40F2C2E7718004E42DB /* Frameworks */ = {
			isa = PBXFrameworksBuildPhase;
			buildActionMask = 2147483647;
			files = (
			);
			runOnlyForDeploymentPostprocessing = 0;
		};
		5282E4192C2E7719004E42DB /* Frameworks */ = {
			isa = PBXFrameworksBuildPhase;
			buildActionMask = 2147483647;
			files = (
			);
			runOnlyForDeploymentPostprocessing = 0;
		};
/* End PBXFrameworksBuildPhase section */

/* Begin PBXGroup section */
		5282E3F92C2E7717004E42DB = {
			isa = PBXGroup;
			children = (
				5282E4042C2E7717004E42DB /* TCACounterApp */,
				5282E4152C2E7718004E42DB /* TCACounterAppTests */,
				5282E41F2C2E7719004E42DB /* TCACounterAppUITests */,
				5282E4032C2E7717004E42DB /* Products */,
			);
			sourceTree = "<group>";
		};
		5282E4032C2E7717004E42DB /* Products */ = {
			isa = PBXGroup;
			children = (
				5282E4022C2E7717004E42DB /* TCACounterApp.app */,
				5282E4122C2E7718004E42DB /* TCACounterAppTests.xctest */,
				5282E41C2C2E7719004E42DB /* TCACounterAppUITests.xctest */,
			);
			name = Products;
			sourceTree = "<group>";
		};
		5282E4042C2E7717004E42DB /* TCACounterApp */ = {
			isa = PBXGroup;
			children = (
				5282E4052C2E7717004E42DB /* TCACounterApp.swift */,
				5282E4072C2E7717004E42DB /* RootView.swift */,
				5282E4322C2E8039004E42DB /* Counter */,
				5282E4092C2E7718004E42DB /* Assets.xcassets */,
				5282E40B2C2E7718004E42DB /* Preview Content */,
			);
			path = TCACounterApp;
			sourceTree = "<group>";
		};
		5282E40B2C2E7718004E42DB /* Preview Content */ = {
			isa = PBXGroup;
			children = (
				5282E40C2C2E7718004E42DB /* Preview Assets.xcassets */,
			);
			path = "Preview Content";
			sourceTree = "<group>";
		};
		5282E4152C2E7718004E42DB /* TCACounterAppTests */ = {
			isa = PBXGroup;
			children = (
				5282E4162C2E7718004E42DB /* TCACounterAppTests.swift */,
			);
			path = TCACounterAppTests;
			sourceTree = "<group>";
		};
		5282E41F2C2E7719004E42DB /* TCACounterAppUITests */ = {
			isa = PBXGroup;
			children = (
				5282E4202C2E7719004E42DB /* TCACounterAppUITests.swift */,
				5282E4222C2E7719004E42DB /* TCACounterAppUITestsLaunchTests.swift */,
			);
			path = TCACounterAppUITests;
			sourceTree = "<group>";
		};
		5282E4322C2E8039004E42DB /* Counter */ = {
			isa = PBXGroup;
			children = (
				5282E4332C2E83D8004E42DB /* CounterViewTCA.swift */,
				5282E4352C2EAAAC004E42DB /* CounterViewNomal.swift */,
			);
			path = Counter;
			sourceTree = "<group>";
		};
/* End PBXGroup section */

/* Begin PBXNativeTarget section */
		5282E4012C2E7717004E42DB /* TCACounterApp */ = {
			isa = PBXNativeTarget;
			buildConfigurationList = 5282E4262C2E7719004E42DB /* Build configuration list for PBXNativeTarget "TCACounterApp" */;
			buildPhases = (
				5282E3FE2C2E7717004E42DB /* Sources */,
				5282E3FF2C2E7717004E42DB /* Frameworks */,
				5282E4002C2E7717004E42DB /* Resources */,
			);
			buildRules = (
			);
			dependencies = (
			);
			name = TCACounterApp;
			packageProductDependencies = (
				5282E4302C2E78DD004E42DB /* ComposableArchitecture */,
			);
			productName = TCACounterApp;
			productReference = 5282E4022C2E7717004E42DB /* TCACounterApp.app */;
			productType = "com.apple.product-type.application";
		};
		5282E4112C2E7718004E42DB /* TCACounterAppTests */ = {
			isa = PBXNativeTarget;
			buildConfigurationList = 5282E4292C2E7719004E42DB /* Build configuration list for PBXNativeTarget "TCACounterAppTests" */;
			buildPhases = (
				5282E40E2C2E7718004E42DB /* Sources */,
				5282E40F2C2E7718004E42DB /* Frameworks */,
				5282E4102C2E7718004E42DB /* Resources */,
			);
			buildRules = (
			);
			dependencies = (
				5282E4142C2E7718004E42DB /* PBXTargetDependency */,
			);
			name = TCACounterAppTests;
			productName = TCACounterAppTests;
			productReference = 5282E4122C2E7718004E42DB /* TCACounterAppTests.xctest */;
			productType = "com.apple.product-type.bundle.unit-test";
		};
		5282E41B2C2E7719004E42DB /* TCACounterAppUITests */ = {
			isa = PBXNativeTarget;
			buildConfigurationList = 5282E42C2C2E7719004E42DB /* Build configuration list for PBXNativeTarget "TCACounterAppUITests" */;
			buildPhases = (
				5282E4182C2E7719004E42DB /* Sources */,
				5282E4192C2E7719004E42DB /* Frameworks */,
				5282E41A2C2E7719004E42DB /* Resources */,
			);
			buildRules = (
			);
			dependencies = (
				5282E41E2C2E7719004E42DB /* PBXTargetDependency */,
			);
			name = TCACounterAppUITests;
			productName = TCACounterAppUITests;
			productReference = 5282E41C2C2E7719004E42DB /* TCACounterAppUITests.xctest */;
			productType = "com.apple.product-type.bundle.ui-testing";
		};
/* End PBXNativeTarget section */

/* Begin PBXProject section */
		5282E3FA2C2E7717004E42DB /* Project object */ = {
			isa = PBXProject;
			attributes = {
				BuildIndependentTargetsInParallel = 1;
				LastSwiftUpdateCheck = 1530;
				LastUpgradeCheck = 1530;
				TargetAttributes = {
					5282E4012C2E7717004E42DB = {
						CreatedOnToolsVersion = 15.3;
					};
					5282E4112C2E7718004E42DB = {
						CreatedOnToolsVersion = 15.3;
						TestTargetID = 5282E4012C2E7717004E42DB;
					};
					5282E41B2C2E7719004E42DB = {
						CreatedOnToolsVersion = 15.3;
						TestTargetID = 5282E4012C2E7717004E42DB;
					};
				};
			};
			buildConfigurationList = 5282E3FD2C2E7717004E42DB /* Build configuration list for PBXProject "TCACounterApp" */;
			compatibilityVersion = "Xcode 14.0";
			developmentRegion = en;
			hasScannedForEncodings = 0;
			knownRegions = (
				en,
				Base,
			);
			mainGroup = 5282E3F92C2E7717004E42DB;
			packageReferences = (
				5282E42F2C2E78DD004E42DB /* XCRemoteSwiftPackageReference "swift-composable-architecture" */,
			);
			productRefGroup = 5282E4032C2E7717004E42DB /* Products */;
			projectDirPath = "";
			projectRoot = "";
			targets = (
				5282E4012C2E7717004E42DB /* TCACounterApp */,
				5282E4112C2E7718004E42DB /* TCACounterAppTests */,
				5282E41B2C2E7719004E42DB /* TCACounterAppUITests */,
			);
		};
/* End PBXProject section */

/* Begin PBXResourcesBuildPhase section */
		5282E4002C2E7717004E42DB /* Resources */ = {
			isa = PBXResourcesBuildPhase;
			buildActionMask = 2147483647;
			files = (
				5282E40D2C2E7718004E42DB /* Preview Assets.xcassets in Resources */,
				5282E40A2C2E7718004E42DB /* Assets.xcassets in Resources */,
			);
			runOnlyForDeploymentPostprocessing = 0;
		};
		5282E4102C2E7718004E42DB /* Resources */ = {
			isa = PBXResourcesBuildPhase;
			buildActionMask = 2147483647;
			files = (
			);
			runOnlyForDeploymentPostprocessing = 0;
		};
		5282E41A2C2E7719004E42DB /* Resources */ = {
			isa = PBXResourcesBuildPhase;
			buildActionMask = 2147483647;
			files = (
			);
			runOnlyForDeploymentPostprocessing = 0;
		};
/* End PBXResourcesBuildPhase section */

/* Begin PBXSourcesBuildPhase section */
		5282E3FE2C2E7717004E42DB /* Sources */ = {
			isa = PBXSourcesBuildPhase;
			buildActionMask = 2147483647;
			files = (
				5282E4082C2E7717004E42DB /* RootView.swift in Sources */,
				5282E4062C2E7717004E42DB /* TCACounterApp.swift in Sources */,
				5282E4342C2E83D8004E42DB /* CounterViewTCA.swift in Sources */,
				5282E4362C2EAAAC004E42DB /* CounterViewNomal.swift in Sources */,
			);
			runOnlyForDeploymentPostprocessing = 0;
		};
		5282E40E2C2E7718004E42DB /* Sources */ = {
			isa = PBXSourcesBuildPhase;
			buildActionMask = 2147483647;
			files = (
				5282E4172C2E7718004E42DB /* TCACounterAppTests.swift in Sources */,
			);
			runOnlyForDeploymentPostprocessing = 0;
		};
		5282E4182C2E7719004E42DB /* Sources */ = {
			isa = PBXSourcesBuildPhase;
			buildActionMask = 2147483647;
			files = (
				5282E4232C2E7719004E42DB /* TCACounterAppUITestsLaunchTests.swift in Sources */,
				5282E4212C2E7719004E42DB /* TCACounterAppUITests.swift in Sources */,
			);
			runOnlyForDeploymentPostprocessing = 0;
		};
/* End PBXSourcesBuildPhase section */

/* Begin PBXTargetDependency section */
		5282E4142C2E7718004E42DB /* PBXTargetDependency */ = {
			isa = PBXTargetDependency;
			target = 5282E4012C2E7717004E42DB /* TCACounterApp */;
			targetProxy = 5282E4132C2E7718004E42DB /* PBXContainerItemProxy */;
		};
		5282E41E2C2E7719004E42DB /* PBXTargetDependency */ = {
			isa = PBXTargetDependency;
			target = 5282E4012C2E7717004E42DB /* TCACounterApp */;
			targetProxy = 5282E41D2C2E7719004E42DB /* PBXContainerItemProxy */;
		};
/* End PBXTargetDependency section */

/* Begin XCBuildConfiguration section */
		5282E4242C2E7719004E42DB /* Debug */ = {
			isa = XCBuildConfiguration;
			buildSettings = {
				ALWAYS_SEARCH_USER_PATHS = NO;
				ASSETCATALOG_COMPILER_GENERATE_SWIFT_ASSET_SYMBOL_EXTENSIONS = YES;
				CLANG_ANALYZER_NONNULL = YES;
				CLANG_ANALYZER_NUMBER_OBJECT_CONVERSION = YES_AGGRESSIVE;
				CLANG_CXX_LANGUAGE_STANDARD = "gnu++20";
				CLANG_ENABLE_MODULES = YES;
				CLANG_ENABLE_OBJC_ARC = YES;
				CLANG_ENABLE_OBJC_WEAK = YES;
				CLANG_WARN_BLOCK_CAPTURE_AUTORELEASING = YES;
				CLANG_WARN_BOOL_CONVERSION = YES;
				CLANG_WARN_COMMA = YES;
				CLANG_WARN_CONSTANT_CONVERSION = YES;
				CLANG_WARN_DEPRECATED_OBJC_IMPLEMENTATIONS = YES;
				CLANG_WARN_DIRECT_OBJC_ISA_USAGE = YES_ERROR;
				CLANG_WARN_DOCUMENTATION_COMMENTS = YES;
				CLANG_WARN_EMPTY_BODY = YES;
				CLANG_WARN_ENUM_CONVERSION = YES;
				CLANG_WARN_INFINITE_RECURSION = YES;
				CLANG_WARN_INT_CONVERSION = YES;
				CLANG_WARN_NON_LITERAL_NULL_CONVERSION = YES;
				CLANG_WARN_OBJC_IMPLICIT_RETAIN_SELF = YES;
				CLANG_WARN_OBJC_LITERAL_CONVERSION = YES;
				CLANG_WARN_OBJC_ROOT_CLASS = YES_ERROR;
				CLANG_WARN_QUOTED_INCLUDE_IN_FRAMEWORK_HEADER = YES;
				CLANG_WARN_RANGE_LOOP_ANALYSIS = YES;
				CLANG_WARN_STRICT_PROTOTYPES = YES;
				CLANG_WARN_SUSPICIOUS_MOVE = YES;
				CLANG_WARN_UNGUARDED_AVAILABILITY = YES_AGGRESSIVE;
				CLANG_WARN_UNREACHABLE_CODE = YES;
				CLANG_WARN__DUPLICATE_METHOD_MATCH = YES;
				COPY_PHASE_STRIP = NO;
				DEBUG_INFORMATION_FORMAT = dwarf;
				ENABLE_STRICT_OBJC_MSGSEND = YES;
				ENABLE_TESTABILITY = YES;
				ENABLE_USER_SCRIPT_SANDBOXING = YES;
				GCC_C_LANGUAGE_STANDARD = gnu17;
				GCC_DYNAMIC_NO_PIC = NO;
				GCC_NO_COMMON_BLOCKS = YES;
				GCC_OPTIMIZATION_LEVEL = 0;
				GCC_PREPROCESSOR_DEFINITIONS = (
					"DEBUG=1",
					"$(inherited)",
				);
				GCC_WARN_64_TO_32_BIT_CONVERSION = YES;
				GCC_WARN_ABOUT_RETURN_TYPE = YES_ERROR;
				GCC_WARN_UNDECLARED_SELECTOR = YES;
				GCC_WARN_UNINITIALIZED_AUTOS = YES_AGGRESSIVE;
				GCC_WARN_UNUSED_FUNCTION = YES;
				GCC_WARN_UNUSED_VARIABLE = YES;
				IPHONEOS_DEPLOYMENT_TARGET = 17.4;
				LOCALIZATION_PREFERS_STRING_CATALOGS = YES;
				MTL_ENABLE_DEBUG_INFO = INCLUDE_SOURCE;
				MTL_FAST_MATH = YES;
				ONLY_ACTIVE_ARCH = YES;
				SDKROOT = iphoneos;
				SWIFT_ACTIVE_COMPILATION_CONDITIONS = "DEBUG $(inherited)";
				SWIFT_OPTIMIZATION_LEVEL = "-Onone";
			};
			name = Debug;
		};
		5282E4252C2E7719004E42DB /* Release */ = {
			isa = XCBuildConfiguration;
			buildSettings = {
				ALWAYS_SEARCH_USER_PATHS = NO;
				ASSETCATALOG_COMPILER_GENERATE_SWIFT_ASSET_SYMBOL_EXTENSIONS = YES;
				CLANG_ANALYZER_NONNULL = YES;
				CLANG_ANALYZER_NUMBER_OBJECT_CONVERSION = YES_AGGRESSIVE;
				CLANG_CXX_LANGUAGE_STANDARD = "gnu++20";
				CLANG_ENABLE_MODULES = YES;
				CLANG_ENABLE_OBJC_ARC = YES;
				CLANG_ENABLE_OBJC_WEAK = YES;
				CLANG_WARN_BLOCK_CAPTURE_AUTORELEASING = YES;
				CLANG_WARN_BOOL_CONVERSION = YES;
				CLANG_WARN_COMMA = YES;
				CLANG_WARN_CONSTANT_CONVERSION = YES;
				CLANG_WARN_DEPRECATED_OBJC_IMPLEMENTATIONS = YES;
				CLANG_WARN_DIRECT_OBJC_ISA_USAGE = YES_ERROR;
				CLANG_WARN_DOCUMENTATION_COMMENTS = YES;
				CLANG_WARN_EMPTY_BODY = YES;
				CLANG_WARN_ENUM_CONVERSION = YES;
				CLANG_WARN_INFINITE_RECURSION = YES;
				CLANG_WARN_INT_CONVERSION = YES;
				CLANG_WARN_NON_LITERAL_NULL_CONVERSION = YES;
				CLANG_WARN_OBJC_IMPLICIT_RETAIN_SELF = YES;
				CLANG_WARN_OBJC_LITERAL_CONVERSION = YES;
				CLANG_WARN_OBJC_ROOT_CLASS = YES_ERROR;
				CLANG_WARN_QUOTED_INCLUDE_IN_FRAMEWORK_HEADER = YES;
				CLANG_WARN_RANGE_LOOP_ANALYSIS = YES;
				CLANG_WARN_STRICT_PROTOTYPES = YES;
				CLANG_WARN_SUSPICIOUS_MOVE = YES;
				CLANG_WARN_UNGUARDED_AVAILABILITY = YES_AGGRESSIVE;
				CLANG_WARN_UNREACHABLE_CODE = YES;
				CLANG_WARN__DUPLICATE_METHOD_MATCH = YES;
				COPY_PHASE_STRIP = NO;
				DEBUG_INFORMATION_FORMAT = "dwarf-with-dsym";
				ENABLE_NS_ASSERTIONS = NO;
				ENABLE_STRICT_OBJC_MSGSEND = YES;
				ENABLE_USER_SCRIPT_SANDBOXING = YES;
				GCC_C_LANGUAGE_STANDARD = gnu17;
				GCC_NO_COMMON_BLOCKS = YES;
				GCC_WARN_64_TO_32_BIT_CONVERSION = YES;
				GCC_WARN_ABOUT_RETURN_TYPE = YES_ERROR;
				GCC_WARN_UNDECLARED_SELECTOR = YES;
				GCC_WARN_UNINITIALIZED_AUTOS = YES_AGGRESSIVE;
				GCC_WARN_UNUSED_FUNCTION = YES;
				GCC_WARN_UNUSED_VARIABLE = YES;
				IPHONEOS_DEPLOYMENT_TARGET = 17.4;
				LOCALIZATION_PREFERS_STRING_CATALOGS = YES;
				MTL_ENABLE_DEBUG_INFO = NO;
				MTL_FAST_MATH = YES;
				SDKROOT = iphoneos;
				SWIFT_COMPILATION_MODE = wholemodule;
				VALIDATE_PRODUCT = YES;
			};
			name = Release;
		};
		5282E4272C2E7719004E42DB /* Debug */ = {
			isa = XCBuildConfiguration;
			buildSettings = {
				ASSETCATALOG_COMPILER_APPICON_NAME = AppIcon;
				ASSETCATALOG_COMPILER_GLOBAL_ACCENT_COLOR_NAME = AccentColor;
				CODE_SIGN_STYLE = Automatic;
				CURRENT_PROJECT_VERSION = 1;
				DEVELOPMENT_ASSET_PATHS = "\"TCACounterApp/Preview Content\"";
				DEVELOPMENT_TEAM = PBBV5BVMZD;
				ENABLE_PREVIEWS = YES;
				GENERATE_INFOPLIST_FILE = YES;
				INFOPLIST_KEY_UIApplicationSceneManifest_Generation = YES;
				INFOPLIST_KEY_UIApplicationSupportsIndirectInputEvents = YES;
				INFOPLIST_KEY_UILaunchScreen_Generation = YES;
				INFOPLIST_KEY_UISupportedInterfaceOrientations_iPad = "UIInterfaceOrientationPortrait UIInterfaceOrientationPortraitUpsideDown UIInterfaceOrientationLandscapeLeft UIInterfaceOrientationLandscapeRight";
				INFOPLIST_KEY_UISupportedInterfaceOrientations_iPhone = "UIInterfaceOrientationPortrait UIInterfaceOrientationLandscapeLeft UIInterfaceOrientationLandscapeRight";
				LD_RUNPATH_SEARCH_PATHS = (
					"$(inherited)",
					"@executable_path/Frameworks",
				);
				MARKETING_VERSION = 1.0;
				PRODUCT_BUNDLE_IDENTIFIER = com.taichone.TCACounterApp;
				PRODUCT_NAME = "$(TARGET_NAME)";
				SWIFT_EMIT_LOC_STRINGS = YES;
				SWIFT_VERSION = 5.0;
				TARGETED_DEVICE_FAMILY = "1,2";
			};
			name = Debug;
		};
		5282E4282C2E7719004E42DB /* Release */ = {
			isa = XCBuildConfiguration;
			buildSettings = {
				ASSETCATALOG_COMPILER_APPICON_NAME = AppIcon;
				ASSETCATALOG_COMPILER_GLOBAL_ACCENT_COLOR_NAME = AccentColor;
				CODE_SIGN_STYLE = Automatic;
				CURRENT_PROJECT_VERSION = 1;
				DEVELOPMENT_ASSET_PATHS = "\"TCACounterApp/Preview Content\"";
				DEVELOPMENT_TEAM = PBBV5BVMZD;
				ENABLE_PREVIEWS = YES;
				GENERATE_INFOPLIST_FILE = YES;
				INFOPLIST_KEY_UIApplicationSceneManifest_Generation = YES;
				INFOPLIST_KEY_UIApplicationSupportsIndirectInputEvents = YES;
				INFOPLIST_KEY_UILaunchScreen_Generation = YES;
				INFOPLIST_KEY_UISupportedInterfaceOrientations_iPad = "UIInterfaceOrientationPortrait UIInterfaceOrientationPortraitUpsideDown UIInterfaceOrientationLandscapeLeft UIInterfaceOrientationLandscapeRight";
				INFOPLIST_KEY_UISupportedInterfaceOrientations_iPhone = "UIInterfaceOrientationPortrait UIInterfaceOrientationLandscapeLeft UIInterfaceOrientationLandscapeRight";
				LD_RUNPATH_SEARCH_PATHS = (
					"$(inherited)",
					"@executable_path/Frameworks",
				);
				MARKETING_VERSION = 1.0;
				PRODUCT_BUNDLE_IDENTIFIER = com.taichone.TCACounterApp;
				PRODUCT_NAME = "$(TARGET_NAME)";
				SWIFT_EMIT_LOC_STRINGS = YES;
				SWIFT_VERSION = 5.0;
				TARGETED_DEVICE_FAMILY = "1,2";
			};
			name = Release;
		};
		5282E42A2C2E7719004E42DB /* Debug */ = {
			isa = XCBuildConfiguration;
			buildSettings = {
				ALWAYS_EMBED_SWIFT_STANDARD_LIBRARIES = YES;
				BUNDLE_LOADER = "$(TEST_HOST)";
				CODE_SIGN_STYLE = Automatic;
				CURRENT_PROJECT_VERSION = 1;
				DEVELOPMENT_TEAM = PBBV5BVMZD;
				GENERATE_INFOPLIST_FILE = YES;
				IPHONEOS_DEPLOYMENT_TARGET = 17.4;
				MARKETING_VERSION = 1.0;
				PRODUCT_BUNDLE_IDENTIFIER = com.taichone.TCACounterAppTests;
				PRODUCT_NAME = "$(TARGET_NAME)";
				SWIFT_EMIT_LOC_STRINGS = NO;
				SWIFT_VERSION = 5.0;
				TARGETED_DEVICE_FAMILY = "1,2";
				TEST_HOST = "$(BUILT_PRODUCTS_DIR)/TCACounterApp.app/$(BUNDLE_EXECUTABLE_FOLDER_PATH)/TCACounterApp";
			};
			name = Debug;
		};
		5282E42B2C2E7719004E42DB /* Release */ = {
			isa = XCBuildConfiguration;
			buildSettings = {
				ALWAYS_EMBED_SWIFT_STANDARD_LIBRARIES = YES;
				BUNDLE_LOADER = "$(TEST_HOST)";
				CODE_SIGN_STYLE = Automatic;
				CURRENT_PROJECT_VERSION = 1;
				DEVELOPMENT_TEAM = PBBV5BVMZD;
				GENERATE_INFOPLIST_FILE = YES;
				IPHONEOS_DEPLOYMENT_TARGET = 17.4;
				MARKETING_VERSION = 1.0;
				PRODUCT_BUNDLE_IDENTIFIER = com.taichone.TCACounterAppTests;
				PRODUCT_NAME = "$(TARGET_NAME)";
				SWIFT_EMIT_LOC_STRINGS = NO;
				SWIFT_VERSION = 5.0;
				TARGETED_DEVICE_FAMILY = "1,2";
				TEST_HOST = "$(BUILT_PRODUCTS_DIR)/TCACounterApp.app/$(BUNDLE_EXECUTABLE_FOLDER_PATH)/TCACounterApp";
			};
			name = Release;
		};
		5282E42D2C2E7719004E42DB /* Debug */ = {
			isa = XCBuildConfiguration;
			buildSettings = {
				ALWAYS_EMBED_SWIFT_STANDARD_LIBRARIES = YES;
				CODE_SIGN_STYLE = Automatic;
				CURRENT_PROJECT_VERSION = 1;
				DEVELOPMENT_TEAM = PBBV5BVMZD;
				GENERATE_INFOPLIST_FILE = YES;
				MARKETING_VERSION = 1.0;
				PRODUCT_BUNDLE_IDENTIFIER = com.taichone.TCACounterAppUITests;
				PRODUCT_NAME = "$(TARGET_NAME)";
				SWIFT_EMIT_LOC_STRINGS = NO;
				SWIFT_VERSION = 5.0;
				TARGETED_DEVICE_FAMILY = "1,2";
				TEST_TARGET_NAME = TCACounterApp;
			};
			name = Debug;
		};
		5282E42E2C2E7719004E42DB /* Release */ = {
			isa = XCBuildConfiguration;
			buildSettings = {
				ALWAYS_EMBED_SWIFT_STANDARD_LIBRARIES = YES;
				CODE_SIGN_STYLE = Automatic;
				CURRENT_PROJECT_VERSION = 1;
				DEVELOPMENT_TEAM = PBBV5BVMZD;
				GENERATE_INFOPLIST_FILE = YES;
				MARKETING_VERSION = 1.0;
				PRODUCT_BUNDLE_IDENTIFIER = com.taichone.TCACounterAppUITests;
				PRODUCT_NAME = "$(TARGET_NAME)";
				SWIFT_EMIT_LOC_STRINGS = NO;
				SWIFT_VERSION = 5.0;
				TARGETED_DEVICE_FAMILY = "1,2";
				TEST_TARGET_NAME = TCACounterApp;
			};
			name = Release;
		};
/* End XCBuildConfiguration section */

/* Begin XCConfigurationList section */
		5282E3FD2C2E7717004E42DB /* Build configuration list for PBXProject "TCACounterApp" */ = {
			isa = XCConfigurationList;
			buildConfigurations = (
				5282E4242C2E7719004E42DB /* Debug */,
				5282E4252C2E7719004E42DB /* Release */,
			);
			defaultConfigurationIsVisible = 0;
			defaultConfigurationName = Release;
		};
		5282E4262C2E7719004E42DB /* Build configuration list for PBXNativeTarget "TCACounterApp" */ = {
			isa = XCConfigurationList;
			buildConfigurations = (
				5282E4272C2E7719004E42DB /* Debug */,
				5282E4282C2E7719004E42DB /* Release */,
			);
			defaultConfigurationIsVisible = 0;
			defaultConfigurationName = Release;
		};
		5282E4292C2E7719004E42DB /* Build configuration list for PBXNativeTarget "TCACounterAppTests" */ = {
			isa = XCConfigurationList;
			buildConfigurations = (
				5282E42A2C2E7719004E42DB /* Debug */,
				5282E42B2C2E7719004E42DB /* Release */,
			);
			defaultConfigurationIsVisible = 0;
			defaultConfigurationName = Release;
		};
		5282E42C2C2E7719004E42DB /* Build configuration list for PBXNativeTarget "TCACounterAppUITests" */ = {
			isa = XCConfigurationList;
			buildConfigurations = (
				5282E42D2C2E7719004E42DB /* Debug */,
				5282E42E2C2E7719004E42DB /* Release */,
			);
			defaultConfigurationIsVisible = 0;
			defaultConfigurationName = Release;
		};
/* End XCConfigurationList section */

/* Begin XCRemoteSwiftPackageReference section */
		5282E42F2C2E78DD004E42DB /* XCRemoteSwiftPackageReference "swift-composable-architecture" */ = {
			isa = XCRemoteSwiftPackageReference;
			repositoryURL = "https://github.com/pointfreeco/swift-composable-architecture";
			requirement = {
				kind = upToNextMajorVersion;
				minimumVersion = 1.11.2;
			};
		};
/* End XCRemoteSwiftPackageReference section */

/* Begin XCSwiftPackageProductDependency section */
		5282E4302C2E78DD004E42DB /* ComposableArchitecture */ = {
			isa = XCSwiftPackageProductDependency;
			package = 5282E42F2C2E78DD004E42DB /* XCRemoteSwiftPackageReference "swift-composable-architecture" */;
			productName = ComposableArchitecture;
		};
/* End XCSwiftPackageProductDependency section */
	};
	rootObject = 5282E3FA2C2E7717004E42DB /* Project object */;
}
